Microsoft Visual Studio Solution File, Format Version 7.00
Project("{FAE04EC0-301F-11D3-BF4B-00C04F79EFBC}") = "iTuner", "iTuner.csproj", "{7E6D2728-E55C-46B8-B017-0F0082A106AD}"
EndProject
Global
	GlobalSection(SolutionConfiguration) = preSolution
		ConfigName.0 = Debug
		ConfigName.1 = Release
	EndGlobalSection
	GlobalSection(ProjectDependencies) = postSolution
	EndGlobalSection
	GlobalSection(ProjectConfiguration) = postSolution
		{7E6D2728-E55C-46B8-B017-0F0082A106AD}.Debug.ActiveCfg = Debug|.NET
		{7E6D2728-E55C-46B8-B017-0F0082A106AD}.Debug.Build.0 = Debug|.NET
		{7E6D2728-E55C-46B8-B017-0F0082A106AD}.Release.ActiveCfg = Release|.NET
		{7E6D2728-E55C-46B8-B017-0F0082A106AD}.Release.Build.0 = Release|.NET
	EndGlobalSection
	GlobalSection(ExtensibilityGlobals) = postSolution
	EndGlobalSection
	GlobalSection(ExtensibilityAddIns) = postSolution
	EndGlobalSection
EndGlobal
